
Microsoft Visual Studio Solution File, Format Version 12.00
# Visual Studio Version 17
VisualStudioVersion = 17.10.35122.118
MinimumVisualStudioVersion = 10.0.40219.1
Project("{9A19103F-16F7-4668-BE54-9A1E7A4F7556}") = "dotnet-span-zlib", "dotnet-span-zlib\dotnet-span-zlib.csproj", "{267B15CF-7D09-4185-BB83-F35C48FFB779}"
EndProject
Project("{FAE04EC0-301F-11D3-BF4B-00C04F79EFBC}") = "Testing", "Testing\Testing.csproj", "{BD496278-450D-47A5-B554-2D85C8541EB3}"
EndProject
Project("{2150E333-8FDC-42A3-9474-1A3956D46DE8}") = "resources", "resources", "{FA80D232-2799-4F60-87FF-A3631FA2527C}"
	ProjectSection(SolutionItems) = preProject
		LICENSE.md = LICENSE.md
		package_icon.jpeg = package_icon.jpeg
		README.md = README.md
	EndProjectSection
EndProject
Global
	GlobalSection(SolutionConfigurationPlatforms) = preSolution
		Debug|Any CPU = Debug|Any CPU
		Release|Any CPU = Release|Any CPU
	EndGlobalSection
	GlobalSection(ProjectConfigurationPlatforms) = postSolution
		{267B15CF-7D09-4185-BB83-F35C48FFB779}.Debug|Any CPU.ActiveCfg = Debug|Any CPU
		{267B15CF-7D09-4185-BB83-F35C48FFB779}.Debug|Any CPU.Build.0 = Debug|Any CPU
		{267B15CF-7D09-4185-BB83-F35C48FFB779}.Release|Any CPU.ActiveCfg = Release|Any CPU
		{267B15CF-7D09-4185-BB83-F35C48FFB779}.Release|Any CPU.Build.0 = Release|Any CPU
		{BD496278-450D-47A5-B554-2D85C8541EB3}.Debug|Any CPU.ActiveCfg = Debug|Any CPU
		{BD496278-450D-47A5-B554-2D85C8541EB3}.Debug|Any CPU.Build.0 = Debug|Any CPU
		{BD496278-450D-47A5-B554-2D85C8541EB3}.Release|Any CPU.ActiveCfg = Release|Any CPU
		{BD496278-450D-47A5-B554-2D85C8541EB3}.Release|Any CPU.Build.0 = Release|Any CPU
	EndGlobalSection
	GlobalSection(SolutionProperties) = preSolution
		HideSolutionNode = FALSE
	EndGlobalSection
	GlobalSection(ExtensibilityGlobals) = postSolution
		SolutionGuid = {B49C7B0F-6A4A-4E3D-A3C0-CD414B95019C}
	EndGlobalSection
EndGlobal
